{
  "requires": true,
  "lockfileVersion": 1,
  "dependencies": {
    "@codemirror/autocomplete": {
      "version": "6.3.0",
      "resolved": "https://registry.npmjs.org/@codemirror/autocomplete/-/autocomplete-6.3.0.tgz",
      "integrity": "sha512-4jEvh3AjJZTDKazd10J6ZsCIqaYxDMCeua5ouQxY8hlFIml+nr7le0SgBhT3SIytFBmdzPK3AUhXGuW3T79nVg==",
      "requires": {
        "@codemirror/language": "^6.0.0",
        "@codemirror/state": "^6.0.0",
        "@codemirror/view": "^6.0.0",
        "@lezer/common": "^1.0.0"
      }
    },
    "@codemirror/commands": {
      "version": "6.1.2",
      "resolved": "https://registry.npmjs.org/@codemirror/commands/-/commands-6.1.2.tgz",
      "integrity": "sha512-sO3jdX1s0pam6lIdeSJLMN3DQ6mPEbM4yLvyKkdqtmd/UDwhXA5+AwFJ89rRXm6vTeOXBsE5cAmlos/t7MJdgg==",
      "requires": {
        "@codemirror/language": "^6.0.0",
        "@codemirror/state": "^6.0.0",
        "@codemirror/view": "^6.0.0",
        "@lezer/common": "^1.0.0"
      }
    },
    "@codemirror/language": {
      "version": "6.3.0",
      "resolved": "https://registry.npmjs.org/@codemirror/language/-/language-6.3.0.tgz",
      "integrity": "sha512-6jOE5DEt6sKD46SXhn3xPbBehn+l48ACcA6Uxs2k+E2YNH9XGF5WdGMTYr2DlggfK4h0QZBK6zEb5S7lkTriWA==",
      "requires": {
        "@codemirror/state": "^6.0.0",
        "@codemirror/view": "^6.0.0",
        "@lezer/common": "^1.0.0",
        "@lezer/highlight": "^1.0.0",
        "@lezer/lr": "^1.0.0",
        "style-mod": "^4.0.0"
      }
    },
    "@codemirror/lint": {
      "version": "6.0.0",
      "resolved": "https://registry.npmjs.org/@codemirror/lint/-/lint-6.0.0.tgz",
      "integrity": "sha512-nUUXcJW1Xp54kNs+a1ToPLK8MadO0rMTnJB8Zk4Z8gBdrN0kqV7uvUraU/T2yqg+grDNR38Vmy/MrhQN/RgwiA==",
      "requires": {
        "@codemirror/state": "^6.0.0",
        "@codemirror/view": "^6.0.0",
        "crelt": "^1.0.5"
      }
    },
    "@codemirror/search": {
      "version": "6.2.2",
      "resolved": "https://registry.npmjs.org/@codemirror/search/-/search-6.2.2.tgz",
      "integrity": "sha512-2pWY599zXk+lSoJ2iv9EuTO4gB7lhgBPLPwFb/zTbimFH4NmZSaKzJSV51okjABZ7/Rj0DYy5klWbIgaJh2LoQ==",
      "requires": {
        "@codemirror/state": "^6.0.0",
        "@codemirror/view": "^6.0.0",
        "crelt": "^1.0.5"
      }
    },
    "@codemirror/state": {
      "version": "6.1.2",
      "resolved": "https://registry.npmjs.org/@codemirror/state/-/state-6.1.2.tgz",
      "integrity": "sha512-Mxff85Hp5va+zuj+H748KbubXjrinX/k28lj43H14T2D0+4kuvEFIEIO7hCEcvBT8ubZyIelt9yGOjj2MWOEQA=="
    },
    "@codemirror/view": {
      "version": "6.4.0",
      "resolved": "https://registry.npmjs.org/@codemirror/view/-/view-6.4.0.tgz",
      "integrity": "sha512-Kv32b6Tn7QVwFbj/EDswTLSocjk5kgggF6zzBFAL4o4hZ/vmtFD155+EjH1pVlbfoDyVC2M6SedPsMrwYscgNg==",
      "requires": {
        "@codemirror/state": "^6.0.0",
        "style-mod": "^4.0.0",
        "w3c-keyname": "^2.2.4"
      }
    },
    "@emmetio/codemirror-plugin": {
      "version": "1.2.4",
      "resolved": "https://registry.npmjs.org/@emmetio/codemirror-plugin/-/codemirror-plugin-1.2.4.tgz",
      "integrity": "sha512-wVw2gqI6X+uVWYVRtTVymzTgbo4hEZIcPCNj4xrXw4l/+L3Qa+tAC/yf+Xy9nenRPCqRq0RLqGiQL+Qf/wYE9Q=="
    },
    "@lezer/common": {
      "version": "1.0.1",
      "resolved": "https://registry.npmjs.org/@lezer/common/-/common-1.0.1.tgz",
      "integrity": "sha512-8TR5++Q/F//tpDsLd5zkrvEX5xxeemafEaek7mUp7Y+bI8cKQXdSqhzTOBaOogETcMOVr0pT3BBPXp13477ciw=="
    },
    "@lezer/highlight": {
      "version": "1.1.2",
      "resolved": "https://registry.npmjs.org/@lezer/highlight/-/highlight-1.1.2.tgz",
      "integrity": "sha512-CAun1WR1glxG9ZdOokTZwXbcwB7PXkIEyZRUMFBVwSrhTcogWq634/ByNImrkUnQhjju6xsIaOBIxvcRJtplXQ==",
      "requires": {
        "@lezer/common": "^1.0.0"
      }
    },
    "@lezer/lr": {
      "version": "1.2.3",
      "resolved": "https://registry.npmjs.org/@lezer/lr/-/lr-1.2.3.tgz",
      "integrity": "sha512-qpB7rBzH8f6Mzjv2AVZRahcm+2Cf7nbIH++uXbvVOL1yIRvVWQ3HAM/saeBLCyz/togB7LGo76qdJYL1uKQlqA==",
      "requires": {
        "@lezer/common": "^1.0.0"
      }
    },
    "codemirror": {
      "version": "6.0.1",
      "resolved": "https://registry.npmjs.org/codemirror/-/codemirror-6.0.1.tgz",
      "integrity": "sha512-J8j+nZ+CdWmIeFIGXEFbFPtpiYacFMDR8GlHK3IyHQJMCaVRfGx9NT+Hxivv1ckLWPvNdZqndbr/7lVhrf/Svg==",
      "requires": {
        "@codemirror/autocomplete": "^6.0.0",
        "@codemirror/commands": "^6.0.0",
        "@codemirror/language": "^6.0.0",
        "@codemirror/lint": "^6.0.0",
        "@codemirror/search": "^6.0.0",
        "@codemirror/state": "^6.0.0",
        "@codemirror/view": "^6.0.0"
      }
    },
    "crelt": {
      "version": "1.0.5",
      "resolved": "https://registry.npmjs.org/crelt/-/crelt-1.0.5.tgz",
      "integrity": "sha512-+BO9wPPi+DWTDcNYhr/W90myha8ptzftZT+LwcmUbbok0rcP/fequmFYCw8NMoH7pkAZQzU78b3kYrlua5a9eA=="
    },
    "style-mod": {
      "version": "4.0.0",
      "resolved": "https://registry.npmjs.org/style-mod/-/style-mod-4.0.0.tgz",
      "integrity": "sha512-OPhtyEjyyN9x3nhPsu76f52yUGXiZcgvsrFVtvTkyGRQJ0XK+GPc6ov1z+lRpbeabka+MYEQxOYRnt5nF30aMw=="
    },
    "w3c-keyname": {
      "version": "2.2.6",
      "resolved": "https://registry.npmjs.org/w3c-keyname/-/w3c-keyname-2.2.6.tgz",
      "integrity": "sha512-f+fciywl1SJEniZHD6H+kUO8gOnwIr7f4ijKA6+ZvJFjeGi1r4PDLl53Ayud9O/rk64RqgoQine0feoeOU0kXg=="
    }
  }
}
